
Microsoft Visual Studio Solution File, Format Version 12.00
# Visual Studio Version 16
VisualStudioVersion = 16.0.32002.261
MinimumVisualStudioVersion = 10.0.40219.1
Project("{FAE04EC0-301F-11D3-BF4B-00C04F79EFBC}") = "Sixeyed.Extension.Library", "Sixeyed.Extension.Library\Sixeyed.Extension.Library.csproj", "{34119C2D-BC03-4613-A4BE-82ED82C24665}"
EndProject
Project("{FAE04EC0-301F-11D3-BF4B-00C04F79EFBC}") = "Sixeyed.Extension.Library.Domain", "Sixeyed.Extension.Library.Domain\Sixeyed.Extension.Library.Domain.csproj", "{4A748A7D-C285-4619-8AE1-8867E2C1A0C0}"
EndProject
Project("{FAE04EC0-301F-11D3-BF4B-00C04F79EFBC}") = "Sixeyed.Extension.Library.Tests", "Sixeyed.Extension.Library.Tests\Sixeyed.Extension.Library.Tests.csproj", "{3D3E4D2B-2E01-46EB-AB22-CF2EA5688A5F}"
EndProject
Global
	GlobalSection(SolutionConfigurationPlatforms) = preSolution
		Debug|Any CPU = Debug|Any CPU
		Release|Any CPU = Release|Any CPU
	EndGlobalSection
	GlobalSection(ProjectConfigurationPlatforms) = postSolution
		{34119C2D-BC03-4613-A4BE-82ED82C24665}.Debug|Any CPU.ActiveCfg = Debug|Any CPU
		{34119C2D-BC03-4613-A4BE-82ED82C24665}.Debug|Any CPU.Build.0 = Debug|Any CPU
		{34119C2D-BC03-4613-A4BE-82ED82C24665}.Release|Any CPU.ActiveCfg = Release|Any CPU
		{34119C2D-BC03-4613-A4BE-82ED82C24665}.Release|Any CPU.Build.0 = Release|Any CPU
		{4A748A7D-C285-4619-8AE1-8867E2C1A0C0}.Debug|Any CPU.ActiveCfg = Debug|Any CPU
		{4A748A7D-C285-4619-8AE1-8867E2C1A0C0}.Debug|Any CPU.Build.0 = Debug|Any CPU
		{4A748A7D-C285-4619-8AE1-8867E2C1A0C0}.Release|Any CPU.ActiveCfg = Release|Any CPU
		{4A748A7D-C285-4619-8AE1-8867E2C1A0C0}.Release|Any CPU.Build.0 = Release|Any CPU
		{3D3E4D2B-2E01-46EB-AB22-CF2EA5688A5F}.Debug|Any CPU.ActiveCfg = Debug|Any CPU
		{3D3E4D2B-2E01-46EB-AB22-CF2EA5688A5F}.Debug|Any CPU.Build.0 = Debug|Any CPU
		{3D3E4D2B-2E01-46EB-AB22-CF2EA5688A5F}.Release|Any CPU.ActiveCfg = Release|Any CPU
		{3D3E4D2B-2E01-46EB-AB22-CF2EA5688A5F}.Release|Any CPU.Build.0 = Release|Any CPU
	EndGlobalSection
	GlobalSection(SolutionProperties) = preSolution
		HideSolutionNode = FALSE
	EndGlobalSection
	GlobalSection(ExtensibilityGlobals) = postSolution
		SolutionGuid = {0BE976A6-392A-4F1B-9600-06270CED7A6E}
	EndGlobalSection
EndGlobal
