
Microsoft Visual Studio Solution File, Format Version 12.00
# Visual Studio Version 16
VisualStudioVersion = 16.0.32002.261
MinimumVisualStudioVersion = 10.0.40219.1
Project("{FAE04EC0-301F-11D3-BF4B-00C04F79EFBC}") = "Sixeyed.Extension.Library", "Sixeyed.Extension.Library\Sixeyed.Extension.Library.csproj", "{34119C2D-BC03-4613-A4BE-82ED82C24665}"
EndProject
Project("{FAE04EC0-301F-11D3-BF4B-00C04F79EFBC}") = "Sixeyed.Extension.Library.Domain", "Sixeyed.Extension.Library.Domain\Sixeyed.Extension.Library.Domain.csproj", "{4A748A7D-C285-4619-8AE1-8867E2C1A0C0}"
EndProject
Project("{9A19103F-16F7-4668-BE54-9A1E7A4F7556}") = "Sixeyed.Extension.Library.Tests", "Sixeyed.Extension.Library.Tests\Sixeyed.Extension.Library.Tests.csproj", "{3D3E4D2B-2E01-46EB-AB22-CF2EA5688A5F}"
EndProject
Project("{2150E333-8FDC-42A3-9474-1A3956D46DE8}") = "Stubs", "Stubs", "{78D842C9-6783-41BD-AF84-11699D85BBBD}"
EndProject
Project("{2150E333-8FDC-42A3-9474-1A3956D46DE8}") = "Tests", "Tests", "{C10C3D55-0028-4159-9FEF-053378987648}"
EndProject
Project("{E24C65DC-7377-472B-9ABA-BC803B73C61A}") = "Sixeyed.ExtensionLibrary.Stubs.WcfService", "Sixeyed.ExtensionLibrary.Stubs.WcfService\", "{CDAFD5ED-94F2-4D54-BB5C-930AE957BABB}"
	ProjectSection(WebsiteProperties) = preProject
		TargetFrameworkMoniker = ".NETFramework,Version%3Dv4.8"
		Debug.AspNetCompiler.VirtualPath = "/localhost_50507"
		Debug.AspNetCompiler.PhysicalPath = "Sixeyed.ExtensionLibrary.Stubs.WcfService\"
		Debug.AspNetCompiler.TargetPath = "PrecompiledWeb\localhost_50507\"
		Debug.AspNetCompiler.Updateable = "true"
		Debug.AspNetCompiler.ForceOverwrite = "true"
		Debug.AspNetCompiler.FixedNames = "false"
		Debug.AspNetCompiler.Debug = "True"
		Release.AspNetCompiler.VirtualPath = "/localhost_50507"
		Release.AspNetCompiler.PhysicalPath = "Sixeyed.ExtensionLibrary.Stubs.WcfService\"
		Release.AspNetCompiler.TargetPath = "PrecompiledWeb\localhost_50507\"
		Release.AspNetCompiler.Updateable = "true"
		Release.AspNetCompiler.ForceOverwrite = "true"
		Release.AspNetCompiler.FixedNames = "false"
		Release.AspNetCompiler.Debug = "False"
		VWDPort = "50507"
		SlnRelativePath = "Sixeyed.ExtensionLibrary.Stubs.WcfService\"
		DefaultWebSiteLanguage = "Visual C#"
	EndProjectSection
EndProject
Project("{FAE04EC0-301F-11D3-BF4B-00C04F79EFBC}") = "Sixeyed.Extension.Library.UnitTests", "Sixeyed.Extension.Library.UnitTests\Sixeyed.Extension.Library.UnitTests.csproj", "{5A8DD9CA-861C-49A7-A386-36BD4F1F2FA6}"
	ProjectSection(ProjectDependencies) = postProject
		{CDAFD5ED-94F2-4D54-BB5C-930AE957BABB} = {CDAFD5ED-94F2-4D54-BB5C-930AE957BABB}
	EndProjectSection
EndProject
Project("{FAE04EC0-301F-11D3-BF4B-00C04F79EFBC}") = "Siexeyed.ExtensionsLibrary.Stub.Api2", "Siexeyed.ExtensionsLibrary.Stub.Api2\Siexeyed.ExtensionsLibrary.Stub.Api2.csproj", "{FAD47516-06A5-4DFE-83A6-B8CE11BE1C2B}"
EndProject
Project("{FAE04EC0-301F-11D3-BF4B-00C04F79EFBC}") = "Siexeyed.ExtensionsLibrary.Stub.Web", "Siexeyed.ExtensionsLibrary.Stub.Web\Siexeyed.ExtensionsLibrary.Stub.Web.csproj", "{57967A3F-5629-4B68-8C8B-902FBEF94F4F}"
EndProject
Global
	GlobalSection(SolutionConfigurationPlatforms) = preSolution
		Debug|Any CPU = Debug|Any CPU
		Release|Any CPU = Release|Any CPU
	EndGlobalSection
	GlobalSection(ProjectConfigurationPlatforms) = postSolution
		{34119C2D-BC03-4613-A4BE-82ED82C24665}.Debug|Any CPU.ActiveCfg = Debug|Any CPU
		{34119C2D-BC03-4613-A4BE-82ED82C24665}.Debug|Any CPU.Build.0 = Debug|Any CPU
		{34119C2D-BC03-4613-A4BE-82ED82C24665}.Release|Any CPU.ActiveCfg = Release|Any CPU
		{34119C2D-BC03-4613-A4BE-82ED82C24665}.Release|Any CPU.Build.0 = Release|Any CPU
		{4A748A7D-C285-4619-8AE1-8867E2C1A0C0}.Debug|Any CPU.ActiveCfg = Debug|Any CPU
		{4A748A7D-C285-4619-8AE1-8867E2C1A0C0}.Debug|Any CPU.Build.0 = Debug|Any CPU
		{4A748A7D-C285-4619-8AE1-8867E2C1A0C0}.Release|Any CPU.ActiveCfg = Release|Any CPU
		{4A748A7D-C285-4619-8AE1-8867E2C1A0C0}.Release|Any CPU.Build.0 = Release|Any CPU
		{3D3E4D2B-2E01-46EB-AB22-CF2EA5688A5F}.Debug|Any CPU.ActiveCfg = Debug|Any CPU
		{3D3E4D2B-2E01-46EB-AB22-CF2EA5688A5F}.Debug|Any CPU.Build.0 = Debug|Any CPU
		{3D3E4D2B-2E01-46EB-AB22-CF2EA5688A5F}.Release|Any CPU.ActiveCfg = Release|Any CPU
		{3D3E4D2B-2E01-46EB-AB22-CF2EA5688A5F}.Release|Any CPU.Build.0 = Release|Any CPU
		{CDAFD5ED-94F2-4D54-BB5C-930AE957BABB}.Debug|Any CPU.ActiveCfg = Debug|Any CPU
		{CDAFD5ED-94F2-4D54-BB5C-930AE957BABB}.Debug|Any CPU.Build.0 = Debug|Any CPU
		{CDAFD5ED-94F2-4D54-BB5C-930AE957BABB}.Release|Any CPU.ActiveCfg = Debug|Any CPU
		{CDAFD5ED-94F2-4D54-BB5C-930AE957BABB}.Release|Any CPU.Build.0 = Debug|Any CPU
		{5A8DD9CA-861C-49A7-A386-36BD4F1F2FA6}.Debug|Any CPU.ActiveCfg = Debug|Any CPU
		{5A8DD9CA-861C-49A7-A386-36BD4F1F2FA6}.Debug|Any CPU.Build.0 = Debug|Any CPU
		{5A8DD9CA-861C-49A7-A386-36BD4F1F2FA6}.Release|Any CPU.ActiveCfg = Release|Any CPU
		{5A8DD9CA-861C-49A7-A386-36BD4F1F2FA6}.Release|Any CPU.Build.0 = Release|Any CPU
		{FAD47516-06A5-4DFE-83A6-B8CE11BE1C2B}.Debug|Any CPU.ActiveCfg = Debug|Any CPU
		{FAD47516-06A5-4DFE-83A6-B8CE11BE1C2B}.Debug|Any CPU.Build.0 = Debug|Any CPU
		{FAD47516-06A5-4DFE-83A6-B8CE11BE1C2B}.Release|Any CPU.ActiveCfg = Release|Any CPU
		{FAD47516-06A5-4DFE-83A6-B8CE11BE1C2B}.Release|Any CPU.Build.0 = Release|Any CPU
		{57967A3F-5629-4B68-8C8B-902FBEF94F4F}.Debug|Any CPU.ActiveCfg = Debug|Any CPU
		{57967A3F-5629-4B68-8C8B-902FBEF94F4F}.Debug|Any CPU.Build.0 = Debug|Any CPU
		{57967A3F-5629-4B68-8C8B-902FBEF94F4F}.Release|Any CPU.ActiveCfg = Release|Any CPU
		{57967A3F-5629-4B68-8C8B-902FBEF94F4F}.Release|Any CPU.Build.0 = Release|Any CPU
	EndGlobalSection
	GlobalSection(SolutionProperties) = preSolution
		HideSolutionNode = FALSE
	EndGlobalSection
	GlobalSection(NestedProjects) = preSolution
		{3D3E4D2B-2E01-46EB-AB22-CF2EA5688A5F} = {C10C3D55-0028-4159-9FEF-053378987648}
		{CDAFD5ED-94F2-4D54-BB5C-930AE957BABB} = {78D842C9-6783-41BD-AF84-11699D85BBBD}
		{5A8DD9CA-861C-49A7-A386-36BD4F1F2FA6} = {C10C3D55-0028-4159-9FEF-053378987648}
		{FAD47516-06A5-4DFE-83A6-B8CE11BE1C2B} = {78D842C9-6783-41BD-AF84-11699D85BBBD}
		{57967A3F-5629-4B68-8C8B-902FBEF94F4F} = {78D842C9-6783-41BD-AF84-11699D85BBBD}
	EndGlobalSection
	GlobalSection(ExtensibilityGlobals) = postSolution
		SolutionGuid = {0BE976A6-392A-4F1B-9600-06270CED7A6E}
	EndGlobalSection
EndGlobal
